
Microsoft Visual Studio Solution File, Format Version 12.00
# Visual Studio Version 17
VisualStudioVersion = 17.10.35122.118
MinimumVisualStudioVersion = 10.0.40219.1
Project("{FAE04EC0-301F-11D3-BF4B-00C04F79EFBC}") = "fitness-home", "fitness-home\fitness-home.csproj", "{05070001-7CF0-42D6-AF11-36FC7673F2DF}"
EndProject
Global
	GlobalSection(SolutionConfigurationPlatforms) = preSolution
		Debug|Any CPU = Debug|Any CPU
		Release|Any CPU = Release|Any CPU
	EndGlobalSection
	GlobalSection(ProjectConfigurationPlatforms) = postSolution
		{05070001-7CF0-42D6-AF11-36FC7673F2DF}.Debug|Any CPU.ActiveCfg = Debug|Any CPU
		{05070001-7CF0-42D6-AF11-36FC7673F2DF}.Debug|Any CPU.Build.0 = Debug|Any CPU
		{05070001-7CF0-42D6-AF11-36FC7673F2DF}.Release|Any CPU.ActiveCfg = Release|Any CPU
		{05070001-7CF0-42D6-AF11-36FC7673F2DF}.Release|Any CPU.Build.0 = Release|Any CPU
	EndGlobalSection
	GlobalSection(SolutionProperties) = preSolution
		HideSolutionNode = FALSE
	EndGlobalSection
	GlobalSection(ExtensibilityGlobals) = postSolution
		SolutionGuid = {30EC644E-14F6-4FA9-AF1E-A9B2DEBFD4E0}
	EndGlobalSection
EndGlobal
