
Microsoft Visual Studio Solution File, Format Version 12.00
# Visual Studio Version 17
VisualStudioVersion = 17.14.36408.4 d17.14
MinimumVisualStudioVersion = 10.0.40219.1
Project("{FAE04EC0-301F-11D3-BF4B-00C04F79EFBC}") = "FitnessHome", "FitnessHome\FitnessHome.csproj", "{046F0287-D49C-4D98-B72E-6B724D0A70DF}"
EndProject
Global
	GlobalSection(SolutionConfigurationPlatforms) = preSolution
		Debug|Any CPU = Debug|Any CPU
		Release|Any CPU = Release|Any CPU
	EndGlobalSection
	GlobalSection(ProjectConfigurationPlatforms) = postSolution
		{046F0287-D49C-4D98-B72E-6B724D0A70DF}.Debug|Any CPU.ActiveCfg = Debug|Any CPU
		{046F0287-D49C-4D98-B72E-6B724D0A70DF}.Debug|Any CPU.Build.0 = Debug|Any CPU
		{046F0287-D49C-4D98-B72E-6B724D0A70DF}.Release|Any CPU.ActiveCfg = Release|Any CPU
		{046F0287-D49C-4D98-B72E-6B724D0A70DF}.Release|Any CPU.Build.0 = Release|Any CPU
	EndGlobalSection
	GlobalSection(SolutionProperties) = preSolution
		HideSolutionNode = FALSE
	EndGlobalSection
	GlobalSection(ExtensibilityGlobals) = postSolution
		SolutionGuid = {E351D910-A363-43FC-B440-5176756F3626}
	EndGlobalSection
EndGlobal
